// !$*UTF8*$!
{
	archiveVersion = 1;
	classes = {
	};
	objectVersion = 56;
	objects = {

/* Begin PBXBuildFile section */
		02519BD62C6B4E8600EF9889 /* _00DaysSwiftUIApp.swift in Sources */ = {isa = PBXBuildFile; fileRef = 02519BD52C6B4E8600EF9889 /* _00DaysSwiftUIApp.swift */; };
		02519BD82C6B4E8600EF9889 /* ContentView.swift in Sources */ = {isa = PBXBuildFile; fileRef = 02519BD72C6B4E8600EF9889 /* ContentView.swift */; };
		02519BDA2C6B4E8700EF9889 /* Assets.xcassets in Resources */ = {isa = PBXBuildFile; fileRef = 02519BD92C6B4E8700EF9889 /* Assets.xcassets */; };
		02519BDD2C6B4E8700EF9889 /* Preview Assets.xcassets in Resources */ = {isa = PBXBuildFile; fileRef = 02519BDC2C6B4E8700EF9889 /* Preview Assets.xcassets */; };
		02519BE72C6B4E8700EF9889 /* _00DaysSwiftUITests.swift in Sources */ = {isa = PBXBuildFile; fileRef = 02519BE62C6B4E8700EF9889 /* _00DaysSwiftUITests.swift */; };
		02519BF12C6B4E8700EF9889 /* _00DaysSwiftUIUITests.swift in Sources */ = {isa = PBXBuildFile; fileRef = 02519BF02C6B4E8700EF9889 /* _00DaysSwiftUIUITests.swift */; };
		02519BF32C6B4E8700EF9889 /* _00DaysSwiftUIUITestsLaunchTests.swift in Sources */ = {isa = PBXBuildFile; fileRef = 02519BF22C6B4E8700EF9889 /* _00DaysSwiftUIUITestsLaunchTests.swift */; };
/* End PBXBuildFile section */

/* Begin PBXContainerItemProxy section */
		02519BE32C6B4E8700EF9889 /* PBXContainerItemProxy */ = {
			isa = PBXContainerItemProxy;
			containerPortal = 02519BCA2C6B4E8600EF9889 /* Project object */;
			proxyType = 1;
			remoteGlobalIDString = 02519BD12C6B4E8600EF9889;
			remoteInfo = 100DaysSwiftUI;
		};
		02519BED2C6B4E8700EF9889 /* PBXContainerItemProxy */ = {
			isa = PBXContainerItemProxy;
			containerPortal = 02519BCA2C6B4E8600EF9889 /* Project object */;
			proxyType = 1;
			remoteGlobalIDString = 02519BD12C6B4E8600EF9889;
			remoteInfo = 100DaysSwiftUI;
		};
/* End PBXContainerItemProxy section */

/* Begin PBXFileReference section */
		02519BD22C6B4E8600EF9889 /* 100DaysSwiftUI.app */ = {isa = PBXFileReference; explicitFileType = wrapper.application; includeInIndex = 0; path = 100DaysSwiftUI.app; sourceTree = BUILT_PRODUCTS_DIR; };
		02519BD52C6B4E8600EF9889 /* _00DaysSwiftUIApp.swift */ = {isa = PBXFileReference; lastKnownFileType = sourcecode.swift; path = _00DaysSwiftUIApp.swift; sourceTree = "<group>"; };
		02519BD72C6B4E8600EF9889 /* ContentView.swift */ = {isa = PBXFileReference; lastKnownFileType = sourcecode.swift; path = ContentView.swift; sourceTree = "<group>"; };
		02519BD92C6B4E8700EF9889 /* Assets.xcassets */ = {isa = PBXFileReference; lastKnownFileType = folder.assetcatalog; path = Assets.xcassets; sourceTree = "<group>"; };
		02519BDC2C6B4E8700EF9889 /* Preview Assets.xcassets */ = {isa = PBXFileReference; lastKnownFileType = folder.assetcatalog; path = "Preview Assets.xcassets"; sourceTree = "<group>"; };
		02519BE22C6B4E8700EF9889 /* 100DaysSwiftUITests.xctest */ = {isa = PBXFileReference; explicitFileType = wrapper.cfbundle; includeInIndex = 0; path = 100DaysSwiftUITests.xctest; sourceTree = BUILT_PRODUCTS_DIR; };
		02519BE62C6B4E8700EF9889 /* _00DaysSwiftUITests.swift */ = {isa = PBXFileReference; lastKnownFileType = sourcecode.swift; path = _00DaysSwiftUITests.swift; sourceTree = "<group>"; };
		02519BEC2C6B4E8700EF9889 /* 100DaysSwiftUIUITests.xctest */ = {isa = PBXFileReference; explicitFileType = wrapper.cfbundle; includeInIndex = 0; path = 100DaysSwiftUIUITests.xctest; sourceTree = BUILT_PRODUCTS_DIR; };
		02519BF02C6B4E8700EF9889 /* _00DaysSwiftUIUITests.swift */ = {isa = PBXFileReference; lastKnownFileType = sourcecode.swift; path = _00DaysSwiftUIUITests.swift; sourceTree = "<group>"; };
		02519BF22C6B4E8700EF9889 /* _00DaysSwiftUIUITestsLaunchTests.swift */ = {isa = PBXFileReference; lastKnownFileType = sourcecode.swift; path = _00DaysSwiftUIUITestsLaunchTests.swift; sourceTree = "<group>"; };
/* End PBXFileReference section */

/* Begin PBXFrameworksBuildPhase section */
		02519BCF2C6B4E8600EF9889 /* Frameworks */ = {
			isa = PBXFrameworksBuildPhase;
			buildActionMask = 2147483647;
			files = (
			);
			runOnlyForDeploymentPostprocessing = 0;
		};
		02519BDF2C6B4E8700EF9889 /* Frameworks */ = {
			isa = PBXFrameworksBuildPhase;
			buildActionMask = 2147483647;
			files = (
			);
			runOnlyForDeploymentPostprocessing = 0;
		};
		02519BE92C6B4E8700EF9889 /* Frameworks */ = {
			isa = PBXFrameworksBuildPhase;
			buildActionMask = 2147483647;
			files = (
			);
			runOnlyForDeploymentPostprocessing = 0;
		};
/* End PBXFrameworksBuildPhase section */

/* Begin PBXGroup section */
		02519BC92C6B4E8600EF9889 = {
			isa = PBXGroup;
			children = (
				02519BD42C6B4E8600EF9889 /* 100DaysSwiftUI */,
				02519BE52C6B4E8700EF9889 /* 100DaysSwiftUITests */,
				02519BEF2C6B4E8700EF9889 /* 100DaysSwiftUIUITests */,
				02519BD32C6B4E8600EF9889 /* Products */,
			);
			sourceTree = "<group>";
		};
		02519BD32C6B4E8600EF9889 /* Products */ = {
			isa = PBXGroup;
			children = (
				02519BD22C6B4E8600EF9889 /* 100DaysSwiftUI.app */,
				02519BE22C6B4E8700EF9889 /* 100DaysSwiftUITests.xctest */,
				02519BEC2C6B4E8700EF9889 /* 100DaysSwiftUIUITests.xctest */,
			);
			name = Products;
			sourceTree = "<group>";
		};
		02519BD42C6B4E8600EF9889 /* 100DaysSwiftUI */ = {
			isa = PBXGroup;
			children = (
				02519BD52C6B4E8600EF9889 /* _00DaysSwiftUIApp.swift */,
				02519BD72C6B4E8600EF9889 /* ContentView.swift */,
				02519BD92C6B4E8700EF9889 /* Assets.xcassets */,
				02519BDB2C6B4E8700EF9889 /* Preview Content */,
			);
			path = 100DaysSwiftUI;
			sourceTree = "<group>";
		};
		02519BDB2C6B4E8700EF9889 /* Preview Content */ = {
			isa = PBXGroup;
			children = (
				02519BDC2C6B4E8700EF9889 /* Preview Assets.xcassets */,
			);
			path = "Preview Content";
			sourceTree = "<group>";
		};
		02519BE52C6B4E8700EF9889 /* 100DaysSwiftUITests */ = {
			isa = PBXGroup;
			children = (
				02519BE62C6B4E8700EF9889 /* _00DaysSwiftUITests.swift */,
			);
			path = 100DaysSwiftUITests;
			sourceTree = "<group>";
		};
		02519BEF2C6B4E8700EF9889 /* 100DaysSwiftUIUITests */ = {
			isa = PBXGroup;
			children = (
				02519BF02C6B4E8700EF9889 /* _00DaysSwiftUIUITests.swift */,
				02519BF22C6B4E8700EF9889 /* _00DaysSwiftUIUITestsLaunchTests.swift */,
			);
			path = 100DaysSwiftUIUITests;
			sourceTree = "<group>";
		};
/* End PBXGroup section */

/* Begin PBXNativeTarget section */
		02519BD12C6B4E8600EF9889 /* 100DaysSwiftUI */ = {
			isa = PBXNativeTarget;
			buildConfigurationList = 02519BF62C6B4E8700EF9889 /* Build configuration list for PBXNativeTarget "100DaysSwiftUI" */;
			buildPhases = (
				02519BCE2C6B4E8600EF9889 /* Sources */,
				02519BCF2C6B4E8600EF9889 /* Frameworks */,
				02519BD02C6B4E8600EF9889 /* Resources */,
			);
			buildRules = (
			);
			dependencies = (
			);
			name = 100DaysSwiftUI;
			productName = 100DaysSwiftUI;
			productReference = 02519BD22C6B4E8600EF9889 /* 100DaysSwiftUI.app */;
			productType = "com.apple.product-type.application";
		};
		02519BE12C6B4E8700EF9889 /* 100DaysSwiftUITests */ = {
			isa = PBXNativeTarget;
			buildConfigurationList = 02519BF92C6B4E8700EF9889 /* Build configuration list for PBXNativeTarget "100DaysSwiftUITests" */;
			buildPhases = (
				02519BDE2C6B4E8700EF9889 /* Sources */,
				02519BDF2C6B4E8700EF9889 /* Frameworks */,
				02519BE02C6B4E8700EF9889 /* Resources */,
			);
			buildRules = (
			);
			dependencies = (
				02519BE42C6B4E8700EF9889 /* PBXTargetDependency */,
			);
			name = 100DaysSwiftUITests;
			productName = 100DaysSwiftUITests;
			productReference = 02519BE22C6B4E8700EF9889 /* 100DaysSwiftUITests.xctest */;
			productType = "com.apple.product-type.bundle.unit-test";
		};
		02519BEB2C6B4E8700EF9889 /* 100DaysSwiftUIUITests */ = {
			isa = PBXNativeTarget;
			buildConfigurationList = 02519BFC2C6B4E8700EF9889 /* Build configuration list for PBXNativeTarget "100DaysSwiftUIUITests" */;
			buildPhases = (
				02519BE82C6B4E8700EF9889 /* Sources */,
				02519BE92C6B4E8700EF9889 /* Frameworks */,
				02519BEA2C6B4E8700EF9889 /* Resources */,
			);
			buildRules = (
			);
			dependencies = (
				02519BEE2C6B4E8700EF9889 /* PBXTargetDependency */,
			);
			name = 100DaysSwiftUIUITests;
			productName = 100DaysSwiftUIUITests;
			productReference = 02519BEC2C6B4E8700EF9889 /* 100DaysSwiftUIUITests.xctest */;
			productType = "com.apple.product-type.bundle.ui-testing";
		};
/* End PBXNativeTarget section */

/* Begin PBXProject section */
		02519BCA2C6B4E8600EF9889 /* Project object */ = {
			isa = PBXProject;
			attributes = {
				BuildIndependentTargetsInParallel = 1;
				LastSwiftUpdateCheck = 1540;
				LastUpgradeCheck = 1540;
				TargetAttributes = {
					02519BD12C6B4E8600EF9889 = {
						CreatedOnToolsVersion = 15.4;
					};
					02519BE12C6B4E8700EF9889 = {
						CreatedOnToolsVersion = 15.4;
						TestTargetID = 02519BD12C6B4E8600EF9889;
					};
					02519BEB2C6B4E8700EF9889 = {
						CreatedOnToolsVersion = 15.4;
						TestTargetID = 02519BD12C6B4E8600EF9889;
					};
				};
			};
			buildConfigurationList = 02519BCD2C6B4E8600EF9889 /* Build configuration list for PBXProject "100DaysSwiftUI" */;
			compatibilityVersion = "Xcode 14.0";
			developmentRegion = en;
			hasScannedForEncodings = 0;
			knownRegions = (
				en,
				Base,
			);
			mainGroup = 02519BC92C6B4E8600EF9889;
			productRefGroup = 02519BD32C6B4E8600EF9889 /* Products */;
			projectDirPath = "";
			projectRoot = "";
			targets = (
				02519BD12C6B4E8600EF9889 /* 100DaysSwiftUI */,
				02519BE12C6B4E8700EF9889 /* 100DaysSwiftUITests */,
				02519BEB2C6B4E8700EF9889 /* 100DaysSwiftUIUITests */,
			);
		};
/* End PBXProject section */

/* Begin PBXResourcesBuildPhase section */
		02519BD02C6B4E8600EF9889 /* Resources */ = {
			isa = PBXResourcesBuildPhase;
			buildActionMask = 2147483647;
			files = (
				02519BDD2C6B4E8700EF9889 /* Preview Assets.xcassets in Resources */,
				02519BDA2C6B4E8700EF9889 /* Assets.xcassets in Resources */,
			);
			runOnlyForDeploymentPostprocessing = 0;
		};
		02519BE02C6B4E8700EF9889 /* Resources */ = {
			isa = PBXResourcesBuildPhase;
			buildActionMask = 2147483647;
			files = (
			);
			runOnlyForDeploymentPostprocessing = 0;
		};
		02519BEA2C6B4E8700EF9889 /* Resources */ = {
			isa = PBXResourcesBuildPhase;
			buildActionMask = 2147483647;
			files = (
			);
			runOnlyForDeploymentPostprocessing = 0;
		};
/* End PBXResourcesBuildPhase section */

/* Begin PBXSourcesBuildPhase section */
		02519BCE2C6B4E8600EF9889 /* Sources */ = {
			isa = PBXSourcesBuildPhase;
			buildActionMask = 2147483647;
			files = (
				02519BD82C6B4E8600EF9889 /* ContentView.swift in Sources */,
				02519BD62C6B4E8600EF9889 /* _00DaysSwiftUIApp.swift in Sources */,
			);
			runOnlyForDeploymentPostprocessing = 0;
		};
		02519BDE2C6B4E8700EF9889 /* Sources */ = {
			isa = PBXSourcesBuildPhase;
			buildActionMask = 2147483647;
			files = (
				02519BE72C6B4E8700EF9889 /* _00DaysSwiftUITests.swift in Sources */,
			);
			runOnlyForDeploymentPostprocessing = 0;
		};
		02519BE82C6B4E8700EF9889 /* Sources */ = {
			isa = PBXSourcesBuildPhase;
			buildActionMask = 2147483647;
			files = (
				02519BF12C6B4E8700EF9889 /* _00DaysSwiftUIUITests.swift in Sources */,
				02519BF32C6B4E8700EF9889 /* _00DaysSwiftUIUITestsLaunchTests.swift in Sources */,
			);
			runOnlyForDeploymentPostprocessing = 0;
		};
/* End PBXSourcesBuildPhase section */

/* Begin PBXTargetDependency section */
		02519BE42C6B4E8700EF9889 /* PBXTargetDependency */ = {
			isa = PBXTargetDependency;
			target = 02519BD12C6B4E8600EF9889 /* 100DaysSwiftUI */;
			targetProxy = 02519BE32C6B4E8700EF9889 /* PBXContainerItemProxy */;
		};
		02519BEE2C6B4E8700EF9889 /* PBXTargetDependency */ = {
			isa = PBXTargetDependency;
			target = 02519BD12C6B4E8600EF9889 /* 100DaysSwiftUI */;
			targetProxy = 02519BED2C6B4E8700EF9889 /* PBXContainerItemProxy */;
		};
/* End PBXTargetDependency section */

/* Begin XCBuildConfiguration section */
		02519BF42C6B4E8700EF9889 /* Debug */ = {
			isa = XCBuildConfiguration;
			buildSettings = {
				ALWAYS_SEARCH_USER_PATHS = NO;
				ASSETCATALOG_COMPILER_GENERATE_SWIFT_ASSET_SYMBOL_EXTENSIONS = YES;
				CLANG_ANALYZER_NONNULL = YES;
				CLANG_ANALYZER_NUMBER_OBJECT_CONVERSION = YES_AGGRESSIVE;
				CLANG_CXX_LANGUAGE_STANDARD = "gnu++20";
				CLANG_ENABLE_MODULES = YES;
				CLANG_ENABLE_OBJC_ARC = YES;
				CLANG_ENABLE_OBJC_WEAK = YES;
				CLANG_WARN_BLOCK_CAPTURE_AUTORELEASING = YES;
				CLANG_WARN_BOOL_CONVERSION = YES;
				CLANG_WARN_COMMA = YES;
				CLANG_WARN_CONSTANT_CONVERSION = YES;
				CLANG_WARN_DEPRECATED_OBJC_IMPLEMENTATIONS = YES;
				CLANG_WARN_DIRECT_OBJC_ISA_USAGE = YES_ERROR;
				CLANG_WARN_DOCUMENTATION_COMMENTS = YES;
				CLANG_WARN_EMPTY_BODY = YES;
				CLANG_WARN_ENUM_CONVERSION = YES;
				CLANG_WARN_INFINITE_RECURSION = YES;
				CLANG_WARN_INT_CONVERSION = YES;
				CLANG_WARN_NON_LITERAL_NULL_CONVERSION = YES;
				CLANG_WARN_OBJC_IMPLICIT_RETAIN_SELF = YES;
				CLANG_WARN_OBJC_LITERAL_CONVERSION = YES;
				CLANG_WARN_OBJC_ROOT_CLASS = YES_ERROR;
				CLANG_WARN_QUOTED_INCLUDE_IN_FRAMEWORK_HEADER = YES;
				CLANG_WARN_RANGE_LOOP_ANALYSIS = YES;
				CLANG_WARN_STRICT_PROTOTYPES = YES;
				CLANG_WARN_SUSPICIOUS_MOVE = YES;
				CLANG_WARN_UNGUARDED_AVAILABILITY = YES_AGGRESSIVE;
				CLANG_WARN_UNREACHABLE_CODE = YES;
				CLANG_WARN__DUPLICATE_METHOD_MATCH = YES;
				COPY_PHASE_STRIP = NO;
				DEBUG_INFORMATION_FORMAT = dwarf;
				ENABLE_STRICT_OBJC_MSGSEND = YES;
				ENABLE_TESTABILITY = YES;
				ENABLE_USER_SCRIPT_SANDBOXING = YES;
				GCC_C_LANGUAGE_STANDARD = gnu17;
				GCC_DYNAMIC_NO_PIC = NO;
				GCC_NO_COMMON_BLOCKS = YES;
				GCC_OPTIMIZATION_LEVEL = 0;
				GCC_PREPROCESSOR_DEFINITIONS = (
					"DEBUG=1",
					"$(inherited)",
				);
				GCC_WARN_64_TO_32_BIT_CONVERSION = YES;
				GCC_WARN_ABOUT_RETURN_TYPE = YES_ERROR;
				GCC_WARN_UNDECLARED_SELECTOR = YES;
				GCC_WARN_UNINITIALIZED_AUTOS = YES_AGGRESSIVE;
				GCC_WARN_UNUSED_FUNCTION = YES;
				GCC_WARN_UNUSED_VARIABLE = YES;
				IPHONEOS_DEPLOYMENT_TARGET = 17.5;
				LOCALIZATION_PREFERS_STRING_CATALOGS = YES;
				MTL_ENABLE_DEBUG_INFO = INCLUDE_SOURCE;
				MTL_FAST_MATH = YES;
				ONLY_ACTIVE_ARCH = YES;
				SDKROOT = iphoneos;
				SWIFT_ACTIVE_COMPILATION_CONDITIONS = "DEBUG $(inherited)";
				SWIFT_OPTIMIZATION_LEVEL = "-Onone";
			};
			name = Debug;
		};
		02519BF52C6B4E8700EF9889 /* Release */ = {
			isa = XCBuildConfiguration;
			buildSettings = {
				ALWAYS_SEARCH_USER_PATHS = NO;
				ASSETCATALOG_COMPILER_GENERATE_SWIFT_ASSET_SYMBOL_EXTENSIONS = YES;
				CLANG_ANALYZER_NONNULL = YES;
				CLANG_ANALYZER_NUMBER_OBJECT_CONVERSION = YES_AGGRESSIVE;
				CLANG_CXX_LANGUAGE_STANDARD = "gnu++20";
				CLANG_ENABLE_MODULES = YES;
				CLANG_ENABLE_OBJC_ARC = YES;
				CLANG_ENABLE_OBJC_WEAK = YES;
				CLANG_WARN_BLOCK_CAPTURE_AUTORELEASING = YES;
				CLANG_WARN_BOOL_CONVERSION = YES;
				CLANG_WARN_COMMA = YES;
				CLANG_WARN_CONSTANT_CONVERSION = YES;
				CLANG_WARN_DEPRECATED_OBJC_IMPLEMENTATIONS = YES;
				CLANG_WARN_DIRECT_OBJC_ISA_USAGE = YES_ERROR;
				CLANG_WARN_DOCUMENTATION_COMMENTS = YES;
				CLANG_WARN_EMPTY_BODY = YES;
				CLANG_WARN_ENUM_CONVERSION = YES;
				CLANG_WARN_INFINITE_RECURSION = YES;
				CLANG_WARN_INT_CONVERSION = YES;
				CLANG_WARN_NON_LITERAL_NULL_CONVERSION = YES;
				CLANG_WARN_OBJC_IMPLICIT_RETAIN_SELF = YES;
				CLANG_WARN_OBJC_LITERAL_CONVERSION = YES;
				CLANG_WARN_OBJC_ROOT_CLASS = YES_ERROR;
				CLANG_WARN_QUOTED_INCLUDE_IN_FRAMEWORK_HEADER = YES;
				CLANG_WARN_RANGE_LOOP_ANALYSIS = YES;
				CLANG_WARN_STRICT_PROTOTYPES = YES;
				CLANG_WARN_SUSPICIOUS_MOVE = YES;
				CLANG_WARN_UNGUARDED_AVAILABILITY = YES_AGGRESSIVE;
				CLANG_WARN_UNREACHABLE_CODE = YES;
				CLANG_WARN__DUPLICATE_METHOD_MATCH = YES;
				COPY_PHASE_STRIP = NO;
				DEBUG_INFORMATION_FORMAT = "dwarf-with-dsym";
				ENABLE_NS_ASSERTIONS = NO;
				ENABLE_STRICT_OBJC_MSGSEND = YES;
				ENABLE_USER_SCRIPT_SANDBOXING = YES;
				GCC_C_LANGUAGE_STANDARD = gnu17;
				GCC_NO_COMMON_BLOCKS = YES;
				GCC_WARN_64_TO_32_BIT_CONVERSION = YES;
				GCC_WARN_ABOUT_RETURN_TYPE = YES_ERROR;
				GCC_WARN_UNDECLARED_SELECTOR = YES;
				GCC_WARN_UNINITIALIZED_AUTOS = YES_AGGRESSIVE;
				GCC_WARN_UNUSED_FUNCTION = YES;
				GCC_WARN_UNUSED_VARIABLE = YES;
				IPHONEOS_DEPLOYMENT_TARGET = 17.5;
				LOCALIZATION_PREFERS_STRING_CATALOGS = YES;
				MTL_ENABLE_DEBUG_INFO = NO;
				MTL_FAST_MATH = YES;
				SDKROOT = iphoneos;
				SWIFT_COMPILATION_MODE = wholemodule;
				VALIDATE_PRODUCT = YES;
			};
			name = Release;
		};
		02519BF72C6B4E8700EF9889 /* Debug */ = {
			isa = XCBuildConfiguration;
			buildSettings = {
				ASSETCATALOG_COMPILER_APPICON_NAME = AppIcon;
				ASSETCATALOG_COMPILER_GLOBAL_ACCENT_COLOR_NAME = AccentColor;
				CODE_SIGN_STYLE = Automatic;
				CURRENT_PROJECT_VERSION = 1;
				DEVELOPMENT_ASSET_PATHS = "\"100DaysSwiftUI/Preview Content\"";
				DEVELOPMENT_TEAM = 254M6TE7EY;
				ENABLE_PREVIEWS = YES;
				GENERATE_INFOPLIST_FILE = YES;
				INFOPLIST_KEY_UIApplicationSceneManifest_Generation = YES;
				INFOPLIST_KEY_UIApplicationSupportsIndirectInputEvents = YES;
				INFOPLIST_KEY_UILaunchScreen_Generation = YES;
				INFOPLIST_KEY_UISupportedInterfaceOrientations_iPad = "UIInterfaceOrientationPortrait UIInterfaceOrientationPortraitUpsideDown UIInterfaceOrientationLandscapeLeft UIInterfaceOrientationLandscapeRight";
				INFOPLIST_KEY_UISupportedInterfaceOrientations_iPhone = "UIInterfaceOrientationPortrait UIInterfaceOrientationLandscapeLeft UIInterfaceOrientationLandscapeRight";
				LD_RUNPATH_SEARCH_PATHS = (
					"$(inherited)",
					"@executable_path/Frameworks",
				);
				MARKETING_VERSION = 1.0;
				PRODUCT_BUNDLE_IDENTIFIER = "Nikaestu.-00DaysSwiftUI";
				PRODUCT_NAME = "$(TARGET_NAME)";
				SWIFT_EMIT_LOC_STRINGS = YES;
				SWIFT_VERSION = 5.0;
				TARGETED_DEVICE_FAMILY = "1,2";
			};
			name = Debug;
		};
		02519BF82C6B4E8700EF9889 /* Release */ = {
			isa = XCBuildConfiguration;
			buildSettings = {
				ASSETCATALOG_COMPILER_APPICON_NAME = AppIcon;
				ASSETCATALOG_COMPILER_GLOBAL_ACCENT_COLOR_NAME = AccentColor;
				CODE_SIGN_STYLE = Automatic;
				CURRENT_PROJECT_VERSION = 1;
				DEVELOPMENT_ASSET_PATHS = "\"100DaysSwiftUI/Preview Content\"";
				DEVELOPMENT_TEAM = 254M6TE7EY;
				ENABLE_PREVIEWS = YES;
				GENERATE_INFOPLIST_FILE = YES;
				INFOPLIST_KEY_UIApplicationSceneManifest_Generation = YES;
				INFOPLIST_KEY_UIApplicationSupportsIndirectInputEvents = YES;
				INFOPLIST_KEY_UILaunchScreen_Generation = YES;
				INFOPLIST_KEY_UISupportedInterfaceOrientations_iPad = "UIInterfaceOrientationPortrait UIInterfaceOrientationPortraitUpsideDown UIInterfaceOrientationLandscapeLeft UIInterfaceOrientationLandscapeRight";
				INFOPLIST_KEY_UISupportedInterfaceOrientations_iPhone = "UIInterfaceOrientationPortrait UIInterfaceOrientationLandscapeLeft UIInterfaceOrientationLandscapeRight";
				LD_RUNPATH_SEARCH_PATHS = (
					"$(inherited)",
					"@executable_path/Frameworks",
				);
				MARKETING_VERSION = 1.0;
				PRODUCT_BUNDLE_IDENTIFIER = "Nikaestu.-00DaysSwiftUI";
				PRODUCT_NAME = "$(TARGET_NAME)";
				SWIFT_EMIT_LOC_STRINGS = YES;
				SWIFT_VERSION = 5.0;
				TARGETED_DEVICE_FAMILY = "1,2";
			};
			name = Release;
		};
		02519BFA2C6B4E8700EF9889 /* Debug */ = {
			isa = XCBuildConfiguration;
			buildSettings = {
				ALWAYS_EMBED_SWIFT_STANDARD_LIBRARIES = YES;
				BUNDLE_LOADER = "$(TEST_HOST)";
				CODE_SIGN_STYLE = Automatic;
				CURRENT_PROJECT_VERSION = 1;
				DEVELOPMENT_TEAM = 254M6TE7EY;
				GENERATE_INFOPLIST_FILE = YES;
				IPHONEOS_DEPLOYMENT_TARGET = 17.5;
				MARKETING_VERSION = 1.0;
				PRODUCT_BUNDLE_IDENTIFIER = "Nikaestu.-00DaysSwiftUITests";
				PRODUCT_NAME = "$(TARGET_NAME)";
				SWIFT_EMIT_LOC_STRINGS = NO;
				SWIFT_VERSION = 5.0;
				TARGETED_DEVICE_FAMILY = "1,2";
				TEST_HOST = "$(BUILT_PRODUCTS_DIR)/100DaysSwiftUI.app/$(BUNDLE_EXECUTABLE_FOLDER_PATH)/100DaysSwiftUI";
			};
			name = Debug;
		};
		02519BFB2C6B4E8700EF9889 /* Release */ = {
			isa = XCBuildConfiguration;
			buildSettings = {
				ALWAYS_EMBED_SWIFT_STANDARD_LIBRARIES = YES;
				BUNDLE_LOADER = "$(TEST_HOST)";
				CODE_SIGN_STYLE = Automatic;
				CURRENT_PROJECT_VERSION = 1;
				DEVELOPMENT_TEAM = 254M6TE7EY;
				GENERATE_INFOPLIST_FILE = YES;
				IPHONEOS_DEPLOYMENT_TARGET = 17.5;
				MARKETING_VERSION = 1.0;
				PRODUCT_BUNDLE_IDENTIFIER = "Nikaestu.-00DaysSwiftUITests";
				PRODUCT_NAME = "$(TARGET_NAME)";
				SWIFT_EMIT_LOC_STRINGS = NO;
				SWIFT_VERSION = 5.0;
				TARGETED_DEVICE_FAMILY = "1,2";
				TEST_HOST = "$(BUILT_PRODUCTS_DIR)/100DaysSwiftUI.app/$(BUNDLE_EXECUTABLE_FOLDER_PATH)/100DaysSwiftUI";
			};
			name = Release;
		};
		02519BFD2C6B4E8700EF9889 /* Debug */ = {
			isa = XCBuildConfiguration;
			buildSettings = {
				ALWAYS_EMBED_SWIFT_STANDARD_LIBRARIES = YES;
				CODE_SIGN_STYLE = Automatic;
				CURRENT_PROJECT_VERSION = 1;
				DEVELOPMENT_TEAM = 254M6TE7EY;
				GENERATE_INFOPLIST_FILE = YES;
				MARKETING_VERSION = 1.0;
				PRODUCT_BUNDLE_IDENTIFIER = "Nikaestu.-00DaysSwiftUIUITests";
				PRODUCT_NAME = "$(TARGET_NAME)";
				SWIFT_EMIT_LOC_STRINGS = NO;
				SWIFT_VERSION = 5.0;
				TARGETED_DEVICE_FAMILY = "1,2";
				TEST_TARGET_NAME = 100DaysSwiftUI;
			};
			name = Debug;
		};
		02519BFE2C6B4E8700EF9889 /* Release */ = {
			isa = XCBuildConfiguration;
			buildSettings = {
				ALWAYS_EMBED_SWIFT_STANDARD_LIBRARIES = YES;
				CODE_SIGN_STYLE = Automatic;
				CURRENT_PROJECT_VERSION = 1;
				DEVELOPMENT_TEAM = 254M6TE7EY;
				GENERATE_INFOPLIST_FILE = YES;
				MARKETING_VERSION = 1.0;
				PRODUCT_BUNDLE_IDENTIFIER = "Nikaestu.-00DaysSwiftUIUITests";
				PRODUCT_NAME = "$(TARGET_NAME)";
				SWIFT_EMIT_LOC_STRINGS = NO;
				SWIFT_VERSION = 5.0;
				TARGETED_DEVICE_FAMILY = "1,2";
				TEST_TARGET_NAME = 100DaysSwiftUI;
			};
			name = Release;
		};
/* End XCBuildConfiguration section */

/* Begin XCConfigurationList section */
		02519BCD2C6B4E8600EF9889 /* Build configuration list for PBXProject "100DaysSwiftUI" */ = {
			isa = XCConfigurationList;
			buildConfigurations = (
				02519BF42C6B4E8700EF9889 /* Debug */,
				02519BF52C6B4E8700EF9889 /* Release */,
			);
			defaultConfigurationIsVisible = 0;
			defaultConfigurationName = Release;
		};
		02519BF62C6B4E8700EF9889 /* Build configuration list for PBXNativeTarget "100DaysSwiftUI" */ = {
			isa = XCConfigurationList;
			buildConfigurations = (
				02519BF72C6B4E8700EF9889 /* Debug */,
				02519BF82C6B4E8700EF9889 /* Release */,
			);
			defaultConfigurationIsVisible = 0;
			defaultConfigurationName = Release;
		};
		02519BF92C6B4E8700EF9889 /* Build configuration list for PBXNativeTarget "100DaysSwiftUITests" */ = {
			isa = XCConfigurationList;
			buildConfigurations = (
				02519BFA2C6B4E8700EF9889 /* Debug */,
				02519BFB2C6B4E8700EF9889 /* Release */,
			);
			defaultConfigurationIsVisible = 0;
			defaultConfigurationName = Release;
		};
		02519BFC2C6B4E8700EF9889 /* Build configuration list for PBXNativeTarget "100DaysSwiftUIUITests" */ = {
			isa = XCConfigurationList;
			buildConfigurations = (
				02519BFD2C6B4E8700EF9889 /* Debug */,
				02519BFE2C6B4E8700EF9889 /* Release */,
			);
			defaultConfigurationIsVisible = 0;
			defaultConfigurationName = Release;
		};
/* End XCConfigurationList section */
	};
	rootObject = 02519BCA2C6B4E8600EF9889 /* Project object */;
}
